
Microsoft Visual Studio Solution File, Format Version 12.00
# Visual Studio Version 16
VisualStudioVersion = 16.0.31205.134
MinimumVisualStudioVersion = 10.0.40219.1
Project("{FAE04EC0-301F-11D3-BF4B-00C04F79EFBC}") = "CardPair.UWP", "CardPair\CardPair.UWP\CardPair.UWP.csproj", "{F2B8A8C7-76F0-4EC9-BC28-0FC903C3B467}"
EndProject
Project("{FAE04EC0-301F-11D3-BF4B-00C04F79EFBC}") = "CardPair.Android", "CardPair\CardPair.Android\CardPair.Android.csproj", "{BB34C937-FFC6-4E3D-8D02-7F3C1B2519CE}"
EndProject
Project("{FAE04EC0-301F-11D3-BF4B-00C04F79EFBC}") = "CardPair.iOS", "CardPair\CardPair.iOS\CardPair.iOS.csproj", "{F2DA7D05-CA31-46F8-9352-0FA0CAA774C4}"
EndProject
Project("{9A19103F-16F7-4668-BE54-9A1E7A4F7556}") = "CardPair", "CardPair\CardPair\CardPair.csproj", "{4E970A57-0758-4A14-B05E-640043333E2F}"
EndProject
Project("{2150E333-8FDC-42A3-9474-1A3956D46DE8}") = "View", "View", "{FEC9A770-A28E-4E77-B517-754BB7096C3C}"
EndProject
Project("{FAE04EC0-301F-11D3-BF4B-00C04F79EFBC}") = "CardPair.Model", "CardPair.Model\CardPair.Model.csproj", "{F72BF3F7-A1B3-4A22-A626-587BB18E70E1}"
EndProject
Project("{FAE04EC0-301F-11D3-BF4B-00C04F79EFBC}") = "CardPair.ViewModel", "CardPair.ViewModel\CardPair.ViewModel.csproj", "{6FD3404B-A402-468B-9249-B77B00B440B8}"
EndProject
Global
	GlobalSection(SolutionConfigurationPlatforms) = preSolution
		Debug|Any CPU = Debug|Any CPU
		Debug|ARM = Debug|ARM
		Debug|iPhone = Debug|iPhone
		Debug|iPhoneSimulator = Debug|iPhoneSimulator
		Debug|x64 = Debug|x64
		Debug|x86 = Debug|x86
		Release|Any CPU = Release|Any CPU
		Release|ARM = Release|ARM
		Release|iPhone = Release|iPhone
		Release|iPhoneSimulator = Release|iPhoneSimulator
		Release|x64 = Release|x64
		Release|x86 = Release|x86
	EndGlobalSection
	GlobalSection(ProjectConfigurationPlatforms) = postSolution
		{F2B8A8C7-76F0-4EC9-BC28-0FC903C3B467}.Debug|Any CPU.ActiveCfg = Debug|x86
		{F2B8A8C7-76F0-4EC9-BC28-0FC903C3B467}.Debug|Any CPU.Build.0 = Debug|x86
		{F2B8A8C7-76F0-4EC9-BC28-0FC903C3B467}.Debug|Any CPU.Deploy.0 = Debug|x86
		{F2B8A8C7-76F0-4EC9-BC28-0FC903C3B467}.Debug|ARM.ActiveCfg = Debug|ARM
		{F2B8A8C7-76F0-4EC9-BC28-0FC903C3B467}.Debug|ARM.Build.0 = Debug|ARM
		{F2B8A8C7-76F0-4EC9-BC28-0FC903C3B467}.Debug|ARM.Deploy.0 = Debug|ARM
		{F2B8A8C7-76F0-4EC9-BC28-0FC903C3B467}.Debug|iPhone.ActiveCfg = Debug|x86
		{F2B8A8C7-76F0-4EC9-BC28-0FC903C3B467}.Debug|iPhone.Build.0 = Debug|x86
		{F2B8A8C7-76F0-4EC9-BC28-0FC903C3B467}.Debug|iPhone.Deploy.0 = Debug|x86
		{F2B8A8C7-76F0-4EC9-BC28-0FC903C3B467}.Debug|iPhoneSimulator.ActiveCfg = Debug|x86
		{F2B8A8C7-76F0-4EC9-BC28-0FC903C3B467}.Debug|iPhoneSimulator.Build.0 = Debug|x86
		{F2B8A8C7-76F0-4EC9-BC28-0FC903C3B467}.Debug|iPhoneSimulator.Deploy.0 = Debug|x86
		{F2B8A8C7-76F0-4EC9-BC28-0FC903C3B467}.Debug|x64.ActiveCfg = Debug|x64
		{F2B8A8C7-76F0-4EC9-BC28-0FC903C3B467}.Debug|x64.Build.0 = Debug|x64
		{F2B8A8C7-76F0-4EC9-BC28-0FC903C3B467}.Debug|x64.Deploy.0 = Debug|x64
		{F2B8A8C7-76F0-4EC9-BC28-0FC903C3B467}.Debug|x86.ActiveCfg = Debug|x86
		{F2B8A8C7-76F0-4EC9-BC28-0FC903C3B467}.Debug|x86.Build.0 = Debug|x86
		{F2B8A8C7-76F0-4EC9-BC28-0FC903C3B467}.Debug|x86.Deploy.0 = Debug|x86
		{F2B8A8C7-76F0-4EC9-BC28-0FC903C3B467}.Release|Any CPU.ActiveCfg = Release|x86
		{F2B8A8C7-76F0-4EC9-BC28-0FC903C3B467}.Release|Any CPU.Build.0 = Release|x86
		{F2B8A8C7-76F0-4EC9-BC28-0FC903C3B467}.Release|Any CPU.Deploy.0 = Release|x86
		{F2B8A8C7-76F0-4EC9-BC28-0FC903C3B467}.Release|ARM.ActiveCfg = Release|ARM
		{F2B8A8C7-76F0-4EC9-BC28-0FC903C3B467}.Release|ARM.Build.0 = Release|ARM
		{F2B8A8C7-76F0-4EC9-BC28-0FC903C3B467}.Release|ARM.Deploy.0 = Release|ARM
		{F2B8A8C7-76F0-4EC9-BC28-0FC903C3B467}.Release|iPhone.ActiveCfg = Release|x86
		{F2B8A8C7-76F0-4EC9-BC28-0FC903C3B467}.Release|iPhone.Build.0 = Release|x86
		{F2B8A8C7-76F0-4EC9-BC28-0FC903C3B467}.Release|iPhone.Deploy.0 = Release|x86
		{F2B8A8C7-76F0-4EC9-BC28-0FC903C3B467}.Release|iPhoneSimulator.ActiveCfg = Release|x86
		{F2B8A8C7-76F0-4EC9-BC28-0FC903C3B467}.Release|iPhoneSimulator.Build.0 = Release|x86
		{F2B8A8C7-76F0-4EC9-BC28-0FC903C3B467}.Release|iPhoneSimulator.Deploy.0 = Release|x86
		{F2B8A8C7-76F0-4EC9-BC28-0FC903C3B467}.Release|x64.ActiveCfg = Release|x64
		{F2B8A8C7-76F0-4EC9-BC28-0FC903C3B467}.Release|x64.Build.0 = Release|x64
		{F2B8A8C7-76F0-4EC9-BC28-0FC903C3B467}.Release|x64.Deploy.0 = Release|x64
		{F2B8A8C7-76F0-4EC9-BC28-0FC903C3B467}.Release|x86.ActiveCfg = Release|x86
		{F2B8A8C7-76F0-4EC9-BC28-0FC903C3B467}.Release|x86.Build.0 = Release|x86
		{F2B8A8C7-76F0-4EC9-BC28-0FC903C3B467}.Release|x86.Deploy.0 = Release|x86
		{BB34C937-FFC6-4E3D-8D02-7F3C1B2519CE}.Debug|Any CPU.ActiveCfg = Debug|Any CPU
		{BB34C937-FFC6-4E3D-8D02-7F3C1B2519CE}.Debug|Any CPU.Build.0 = Debug|Any CPU
		{BB34C937-FFC6-4E3D-8D02-7F3C1B2519CE}.Debug|Any CPU.Deploy.0 = Debug|Any CPU
		{BB34C937-FFC6-4E3D-8D02-7F3C1B2519CE}.Debug|ARM.ActiveCfg = Debug|Any CPU
		{BB34C937-FFC6-4E3D-8D02-7F3C1B2519CE}.Debug|ARM.Build.0 = Debug|Any CPU
		{BB34C937-FFC6-4E3D-8D02-7F3C1B2519CE}.Debug|ARM.Deploy.0 = Debug|Any CPU
		{BB34C937-FFC6-4E3D-8D02-7F3C1B2519CE}.Debug|iPhone.ActiveCfg = Debug|Any CPU
		{BB34C937-FFC6-4E3D-8D02-7F3C1B2519CE}.Debug|iPhone.Build.0 = Debug|Any CPU
		{BB34C937-FFC6-4E3D-8D02-7F3C1B2519CE}.Debug|iPhone.Deploy.0 = Debug|Any CPU
		{BB34C937-FFC6-4E3D-8D02-7F3C1B2519CE}.Debug|iPhoneSimulator.ActiveCfg = Debug|Any CPU
		{BB34C937-FFC6-4E3D-8D02-7F3C1B2519CE}.Debug|iPhoneSimulator.Build.0 = Debug|Any CPU
		{BB34C937-FFC6-4E3D-8D02-7F3C1B2519CE}.Debug|iPhoneSimulator.Deploy.0 = Debug|Any CPU
		{BB34C937-FFC6-4E3D-8D02-7F3C1B2519CE}.Debug|x64.ActiveCfg = Debug|Any CPU
		{BB34C937-FFC6-4E3D-8D02-7F3C1B2519CE}.Debug|x64.Build.0 = Debug|Any CPU
		{BB34C937-FFC6-4E3D-8D02-7F3C1B2519CE}.Debug|x64.Deploy.0 = Debug|Any CPU
		{BB34C937-FFC6-4E3D-8D02-7F3C1B2519CE}.Debug|x86.ActiveCfg = Debug|Any CPU
		{BB34C937-FFC6-4E3D-8D02-7F3C1B2519CE}.Debug|x86.Build.0 = Debug|Any CPU
		{BB34C937-FFC6-4E3D-8D02-7F3C1B2519CE}.Debug|x86.Deploy.0 = Debug|Any CPU
		{BB34C937-FFC6-4E3D-8D02-7F3C1B2519CE}.Release|Any CPU.ActiveCfg = Release|Any CPU
		{BB34C937-FFC6-4E3D-8D02-7F3C1B2519CE}.Release|Any CPU.Build.0 = Release|Any CPU
		{BB34C937-FFC6-4E3D-8D02-7F3C1B2519CE}.Release|Any CPU.Deploy.0 = Release|Any CPU
		{BB34C937-FFC6-4E3D-8D02-7F3C1B2519CE}.Release|ARM.ActiveCfg = Release|Any CPU
		{BB34C937-FFC6-4E3D-8D02-7F3C1B2519CE}.Release|ARM.Build.0 = Release|Any CPU
		{BB34C937-FFC6-4E3D-8D02-7F3C1B2519CE}.Release|ARM.Deploy.0 = Release|Any CPU
		{BB34C937-FFC6-4E3D-8D02-7F3C1B2519CE}.Release|iPhone.ActiveCfg = Release|Any CPU
		{BB34C937-FFC6-4E3D-8D02-7F3C1B2519CE}.Release|iPhone.Build.0 = Release|Any CPU
		{BB34C937-FFC6-4E3D-8D02-7F3C1B2519CE}.Release|iPhone.Deploy.0 = Release|Any CPU
		{BB34C937-FFC6-4E3D-8D02-7F3C1B2519CE}.Release|iPhoneSimulator.ActiveCfg = Release|Any CPU
		{BB34C937-FFC6-4E3D-8D02-7F3C1B2519CE}.Release|iPhoneSimulator.Build.0 = Release|Any CPU
		{BB34C937-FFC6-4E3D-8D02-7F3C1B2519CE}.Release|iPhoneSimulator.Deploy.0 = Release|Any CPU
		{BB34C937-FFC6-4E3D-8D02-7F3C1B2519CE}.Release|x64.ActiveCfg = Release|Any CPU
		{BB34C937-FFC6-4E3D-8D02-7F3C1B2519CE}.Release|x64.Build.0 = Release|Any CPU
		{BB34C937-FFC6-4E3D-8D02-7F3C1B2519CE}.Release|x64.Deploy.0 = Release|Any CPU
		{BB34C937-FFC6-4E3D-8D02-7F3C1B2519CE}.Release|x86.ActiveCfg = Release|Any CPU
		{BB34C937-FFC6-4E3D-8D02-7F3C1B2519CE}.Release|x86.Build.0 = Release|Any CPU
		{BB34C937-FFC6-4E3D-8D02-7F3C1B2519CE}.Release|x86.Deploy.0 = Release|Any CPU
		{F2DA7D05-CA31-46F8-9352-0FA0CAA774C4}.Debug|Any CPU.ActiveCfg = Debug|iPhoneSimulator
		{F2DA7D05-CA31-46F8-9352-0FA0CAA774C4}.Debug|Any CPU.Build.0 = Debug|iPhoneSimulator
		{F2DA7D05-CA31-46F8-9352-0FA0CAA774C4}.Debug|Any CPU.Deploy.0 = Debug|iPhoneSimulator
		{F2DA7D05-CA31-46F8-9352-0FA0CAA774C4}.Debug|ARM.ActiveCfg = Debug|iPhone
		{F2DA7D05-CA31-46F8-9352-0FA0CAA774C4}.Debug|ARM.Build.0 = Debug|iPhone
		{F2DA7D05-CA31-46F8-9352-0FA0CAA774C4}.Debug|ARM.Deploy.0 = Debug|iPhone
		{F2DA7D05-CA31-46F8-9352-0FA0CAA774C4}.Debug|iPhone.ActiveCfg = Debug|iPhone
		{F2DA7D05-CA31-46F8-9352-0FA0CAA774C4}.Debug|iPhone.Build.0 = Debug|iPhone
		{F2DA7D05-CA31-46F8-9352-0FA0CAA774C4}.Debug|iPhone.Deploy.0 = Debug|iPhone
		{F2DA7D05-CA31-46F8-9352-0FA0CAA774C4}.Debug|iPhoneSimulator.ActiveCfg = Debug|iPhoneSimulator
		{F2DA7D05-CA31-46F8-9352-0FA0CAA774C4}.Debug|iPhoneSimulator.Build.0 = Debug|iPhoneSimulator
		{F2DA7D05-CA31-46F8-9352-0FA0CAA774C4}.Debug|iPhoneSimulator.Deploy.0 = Debug|iPhoneSimulator
		{F2DA7D05-CA31-46F8-9352-0FA0CAA774C4}.Debug|x64.ActiveCfg = Debug|iPhoneSimulator
		{F2DA7D05-CA31-46F8-9352-0FA0CAA774C4}.Debug|x64.Build.0 = Debug|iPhoneSimulator
		{F2DA7D05-CA31-46F8-9352-0FA0CAA774C4}.Debug|x64.Deploy.0 = Debug|iPhoneSimulator
		{F2DA7D05-CA31-46F8-9352-0FA0CAA774C4}.Debug|x86.ActiveCfg = Debug|iPhoneSimulator
		{F2DA7D05-CA31-46F8-9352-0FA0CAA774C4}.Debug|x86.Build.0 = Debug|iPhoneSimulator
		{F2DA7D05-CA31-46F8-9352-0FA0CAA774C4}.Debug|x86.Deploy.0 = Debug|iPhoneSimulator
		{F2DA7D05-CA31-46F8-9352-0FA0CAA774C4}.Release|Any CPU.ActiveCfg = Release|iPhoneSimulator
		{F2DA7D05-CA31-46F8-9352-0FA0CAA774C4}.Release|Any CPU.Build.0 = Release|iPhoneSimulator
		{F2DA7D05-CA31-46F8-9352-0FA0CAA774C4}.Release|Any CPU.Deploy.0 = Release|iPhoneSimulator
		{F2DA7D05-CA31-46F8-9352-0FA0CAA774C4}.Release|ARM.ActiveCfg = Release|iPhoneSimulator
		{F2DA7D05-CA31-46F8-9352-0FA0CAA774C4}.Release|ARM.Build.0 = Release|iPhoneSimulator
		{F2DA7D05-CA31-46F8-9352-0FA0CAA774C4}.Release|ARM.Deploy.0 = Release|iPhoneSimulator
		{F2DA7D05-CA31-46F8-9352-0FA0CAA774C4}.Release|iPhone.ActiveCfg = Release|iPhone
		{F2DA7D05-CA31-46F8-9352-0FA0CAA774C4}.Release|iPhone.Build.0 = Release|iPhone
		{F2DA7D05-CA31-46F8-9352-0FA0CAA774C4}.Release|iPhone.Deploy.0 = Release|iPhone
		{F2DA7D05-CA31-46F8-9352-0FA0CAA774C4}.Release|iPhoneSimulator.ActiveCfg = Release|iPhoneSimulator
		{F2DA7D05-CA31-46F8-9352-0FA0CAA774C4}.Release|iPhoneSimulator.Build.0 = Release|iPhoneSimulator
		{F2DA7D05-CA31-46F8-9352-0FA0CAA774C4}.Release|iPhoneSimulator.Deploy.0 = Release|iPhoneSimulator
		{F2DA7D05-CA31-46F8-9352-0FA0CAA774C4}.Release|x64.ActiveCfg = Release|iPhoneSimulator
		{F2DA7D05-CA31-46F8-9352-0FA0CAA774C4}.Release|x64.Build.0 = Release|iPhoneSimulator
		{F2DA7D05-CA31-46F8-9352-0FA0CAA774C4}.Release|x64.Deploy.0 = Release|iPhoneSimulator
		{F2DA7D05-CA31-46F8-9352-0FA0CAA774C4}.Release|x86.ActiveCfg = Release|iPhoneSimulator
		{F2DA7D05-CA31-46F8-9352-0FA0CAA774C4}.Release|x86.Build.0 = Release|iPhoneSimulator
		{F2DA7D05-CA31-46F8-9352-0FA0CAA774C4}.Release|x86.Deploy.0 = Release|iPhoneSimulator
		{4E970A57-0758-4A14-B05E-640043333E2F}.Debug|Any CPU.ActiveCfg = Debug|Any CPU
		{4E970A57-0758-4A14-B05E-640043333E2F}.Debug|Any CPU.Build.0 = Debug|Any CPU
		{4E970A57-0758-4A14-B05E-640043333E2F}.Debug|Any CPU.Deploy.0 = Debug|Any CPU
		{4E970A57-0758-4A14-B05E-640043333E2F}.Debug|ARM.ActiveCfg = Debug|Any CPU
		{4E970A57-0758-4A14-B05E-640043333E2F}.Debug|ARM.Build.0 = Debug|Any CPU
		{4E970A57-0758-4A14-B05E-640043333E2F}.Debug|ARM.Deploy.0 = Debug|Any CPU
		{4E970A57-0758-4A14-B05E-640043333E2F}.Debug|iPhone.ActiveCfg = Debug|Any CPU
		{4E970A57-0758-4A14-B05E-640043333E2F}.Debug|iPhone.Build.0 = Debug|Any CPU
		{4E970A57-0758-4A14-B05E-640043333E2F}.Debug|iPhone.Deploy.0 = Debug|Any CPU
		{4E970A57-0758-4A14-B05E-640043333E2F}.Debug|iPhoneSimulator.ActiveCfg = Debug|Any CPU
		{4E970A57-0758-4A14-B05E-640043333E2F}.Debug|iPhoneSimulator.Build.0 = Debug|Any CPU
		{4E970A57-0758-4A14-B05E-640043333E2F}.Debug|iPhoneSimulator.Deploy.0 = Debug|Any CPU
		{4E970A57-0758-4A14-B05E-640043333E2F}.Debug|x64.ActiveCfg = Debug|Any CPU
		{4E970A57-0758-4A14-B05E-640043333E2F}.Debug|x64.Build.0 = Debug|Any CPU
		{4E970A57-0758-4A14-B05E-640043333E2F}.Debug|x64.Deploy.0 = Debug|Any CPU
		{4E970A57-0758-4A14-B05E-640043333E2F}.Debug|x86.ActiveCfg = Debug|Any CPU
		{4E970A57-0758-4A14-B05E-640043333E2F}.Debug|x86.Build.0 = Debug|Any CPU
		{4E970A57-0758-4A14-B05E-640043333E2F}.Debug|x86.Deploy.0 = Debug|Any CPU
		{4E970A57-0758-4A14-B05E-640043333E2F}.Release|Any CPU.ActiveCfg = Release|Any CPU
		{4E970A57-0758-4A14-B05E-640043333E2F}.Release|Any CPU.Build.0 = Release|Any CPU
		{4E970A57-0758-4A14-B05E-640043333E2F}.Release|Any CPU.Deploy.0 = Release|Any CPU
		{4E970A57-0758-4A14-B05E-640043333E2F}.Release|ARM.ActiveCfg = Release|Any CPU
		{4E970A57-0758-4A14-B05E-640043333E2F}.Release|ARM.Build.0 = Release|Any CPU
		{4E970A57-0758-4A14-B05E-640043333E2F}.Release|ARM.Deploy.0 = Release|Any CPU
		{4E970A57-0758-4A14-B05E-640043333E2F}.Release|iPhone.ActiveCfg = Release|Any CPU
		{4E970A57-0758-4A14-B05E-640043333E2F}.Release|iPhone.Build.0 = Release|Any CPU
		{4E970A57-0758-4A14-B05E-640043333E2F}.Release|iPhone.Deploy.0 = Release|Any CPU
		{4E970A57-0758-4A14-B05E-640043333E2F}.Release|iPhoneSimulator.ActiveCfg = Release|Any CPU
		{4E970A57-0758-4A14-B05E-640043333E2F}.Release|iPhoneSimulator.Build.0 = Release|Any CPU
		{4E970A57-0758-4A14-B05E-640043333E2F}.Release|iPhoneSimulator.Deploy.0 = Release|Any CPU
		{4E970A57-0758-4A14-B05E-640043333E2F}.Release|x64.ActiveCfg = Release|Any CPU
		{4E970A57-0758-4A14-B05E-640043333E2F}.Release|x64.Build.0 = Release|Any CPU
		{4E970A57-0758-4A14-B05E-640043333E2F}.Release|x64.Deploy.0 = Release|Any CPU
		{4E970A57-0758-4A14-B05E-640043333E2F}.Release|x86.ActiveCfg = Release|Any CPU
		{4E970A57-0758-4A14-B05E-640043333E2F}.Release|x86.Build.0 = Release|Any CPU
		{4E970A57-0758-4A14-B05E-640043333E2F}.Release|x86.Deploy.0 = Release|Any CPU
		{F72BF3F7-A1B3-4A22-A626-587BB18E70E1}.Debug|Any CPU.ActiveCfg = Debug|Any CPU
		{F72BF3F7-A1B3-4A22-A626-587BB18E70E1}.Debug|Any CPU.Build.0 = Debug|Any CPU
		{F72BF3F7-A1B3-4A22-A626-587BB18E70E1}.Debug|ARM.ActiveCfg = Debug|Any CPU
		{F72BF3F7-A1B3-4A22-A626-587BB18E70E1}.Debug|ARM.Build.0 = Debug|Any CPU
		{F72BF3F7-A1B3-4A22-A626-587BB18E70E1}.Debug|iPhone.ActiveCfg = Debug|Any CPU
		{F72BF3F7-A1B3-4A22-A626-587BB18E70E1}.Debug|iPhone.Build.0 = Debug|Any CPU
		{F72BF3F7-A1B3-4A22-A626-587BB18E70E1}.Debug|iPhoneSimulator.ActiveCfg = Debug|Any CPU
		{F72BF3F7-A1B3-4A22-A626-587BB18E70E1}.Debug|iPhoneSimulator.Build.0 = Debug|Any CPU
		{F72BF3F7-A1B3-4A22-A626-587BB18E70E1}.Debug|x64.ActiveCfg = Debug|Any CPU
		{F72BF3F7-A1B3-4A22-A626-587BB18E70E1}.Debug|x64.Build.0 = Debug|Any CPU
		{F72BF3F7-A1B3-4A22-A626-587BB18E70E1}.Debug|x86.ActiveCfg = Debug|Any CPU
		{F72BF3F7-A1B3-4A22-A626-587BB18E70E1}.Debug|x86.Build.0 = Debug|Any CPU
		{F72BF3F7-A1B3-4A22-A626-587BB18E70E1}.Release|Any CPU.ActiveCfg = Release|Any CPU
		{F72BF3F7-A1B3-4A22-A626-587BB18E70E1}.Release|Any CPU.Build.0 = Release|Any CPU
		{F72BF3F7-A1B3-4A22-A626-587BB18E70E1}.Release|ARM.ActiveCfg = Release|Any CPU
		{F72BF3F7-A1B3-4A22-A626-587BB18E70E1}.Release|ARM.Build.0 = Release|Any CPU
		{F72BF3F7-A1B3-4A22-A626-587BB18E70E1}.Release|iPhone.ActiveCfg = Release|Any CPU
		{F72BF3F7-A1B3-4A22-A626-587BB18E70E1}.Release|iPhone.Build.0 = Release|Any CPU
		{F72BF3F7-A1B3-4A22-A626-587BB18E70E1}.Release|iPhoneSimulator.ActiveCfg = Release|Any CPU
		{F72BF3F7-A1B3-4A22-A626-587BB18E70E1}.Release|iPhoneSimulator.Build.0 = Release|Any CPU
		{F72BF3F7-A1B3-4A22-A626-587BB18E70E1}.Release|x64.ActiveCfg = Release|Any CPU
		{F72BF3F7-A1B3-4A22-A626-587BB18E70E1}.Release|x64.Build.0 = Release|Any CPU
		{F72BF3F7-A1B3-4A22-A626-587BB18E70E1}.Release|x86.ActiveCfg = Release|Any CPU
		{F72BF3F7-A1B3-4A22-A626-587BB18E70E1}.Release|x86.Build.0 = Release|Any CPU
		{6FD3404B-A402-468B-9249-B77B00B440B8}.Debug|Any CPU.ActiveCfg = Debug|Any CPU
		{6FD3404B-A402-468B-9249-B77B00B440B8}.Debug|Any CPU.Build.0 = Debug|Any CPU
		{6FD3404B-A402-468B-9249-B77B00B440B8}.Debug|ARM.ActiveCfg = Debug|Any CPU
		{6FD3404B-A402-468B-9249-B77B00B440B8}.Debug|ARM.Build.0 = Debug|Any CPU
		{6FD3404B-A402-468B-9249-B77B00B440B8}.Debug|iPhone.ActiveCfg = Debug|Any CPU
		{6FD3404B-A402-468B-9249-B77B00B440B8}.Debug|iPhone.Build.0 = Debug|Any CPU
		{6FD3404B-A402-468B-9249-B77B00B440B8}.Debug|iPhoneSimulator.ActiveCfg = Debug|Any CPU
		{6FD3404B-A402-468B-9249-B77B00B440B8}.Debug|iPhoneSimulator.Build.0 = Debug|Any CPU
		{6FD3404B-A402-468B-9249-B77B00B440B8}.Debug|x64.ActiveCfg = Debug|Any CPU
		{6FD3404B-A402-468B-9249-B77B00B440B8}.Debug|x64.Build.0 = Debug|Any CPU
		{6FD3404B-A402-468B-9249-B77B00B440B8}.Debug|x86.ActiveCfg = Debug|Any CPU
		{6FD3404B-A402-468B-9249-B77B00B440B8}.Debug|x86.Build.0 = Debug|Any CPU
		{6FD3404B-A402-468B-9249-B77B00B440B8}.Release|Any CPU.ActiveCfg = Release|Any CPU
		{6FD3404B-A402-468B-9249-B77B00B440B8}.Release|Any CPU.Build.0 = Release|Any CPU
		{6FD3404B-A402-468B-9249-B77B00B440B8}.Release|ARM.ActiveCfg = Release|Any CPU
		{6FD3404B-A402-468B-9249-B77B00B440B8}.Release|ARM.Build.0 = Release|Any CPU
		{6FD3404B-A402-468B-9249-B77B00B440B8}.Release|iPhone.ActiveCfg = Release|Any CPU
		{6FD3404B-A402-468B-9249-B77B00B440B8}.Release|iPhone.Build.0 = Release|Any CPU
		{6FD3404B-A402-468B-9249-B77B00B440B8}.Release|iPhoneSimulator.ActiveCfg = Release|Any CPU
		{6FD3404B-A402-468B-9249-B77B00B440B8}.Release|iPhoneSimulator.Build.0 = Release|Any CPU
		{6FD3404B-A402-468B-9249-B77B00B440B8}.Release|x64.ActiveCfg = Release|Any CPU
		{6FD3404B-A402-468B-9249-B77B00B440B8}.Release|x64.Build.0 = Release|Any CPU
		{6FD3404B-A402-468B-9249-B77B00B440B8}.Release|x86.ActiveCfg = Release|Any CPU
		{6FD3404B-A402-468B-9249-B77B00B440B8}.Release|x86.Build.0 = Release|Any CPU
	EndGlobalSection
	GlobalSection(SolutionProperties) = preSolution
		HideSolutionNode = FALSE
	EndGlobalSection
	GlobalSection(NestedProjects) = preSolution
		{F2B8A8C7-76F0-4EC9-BC28-0FC903C3B467} = {FEC9A770-A28E-4E77-B517-754BB7096C3C}
		{BB34C937-FFC6-4E3D-8D02-7F3C1B2519CE} = {FEC9A770-A28E-4E77-B517-754BB7096C3C}
		{F2DA7D05-CA31-46F8-9352-0FA0CAA774C4} = {FEC9A770-A28E-4E77-B517-754BB7096C3C}
		{4E970A57-0758-4A14-B05E-640043333E2F} = {FEC9A770-A28E-4E77-B517-754BB7096C3C}
	EndGlobalSection
	GlobalSection(ExtensibilityGlobals) = postSolution
		SolutionGuid = {08FA677E-A720-491D-BBA1-13A16F2AC833}
	EndGlobalSection
EndGlobal
